
Microsoft Visual Studio Solution File, Format Version 12.00
# Visual Studio Version 16
VisualStudioVersion = 16.0.30503.244
MinimumVisualStudioVersion = 10.0.40219.1
Project("{FAE04EC0-301F-11D3-BF4B-00C04F79EFBC}") = "mute", "mute.csproj", "{ED82FC1F-BED4-4B87-B32D-AB032027520D}"
EndProject
Global
	GlobalSection(SolutionConfigurationPlatforms) = preSolution
		Debug|Any CPU = Debug|Any CPU
		Release|Any CPU = Release|Any CPU
	EndGlobalSection
	GlobalSection(ProjectConfigurationPlatforms) = postSolution
		{ED82FC1F-BED4-4B87-B32D-AB032027520D}.Debug|Any CPU.ActiveCfg = Debug|Any CPU
		{ED82FC1F-BED4-4B87-B32D-AB032027520D}.Debug|Any CPU.Build.0 = Debug|Any CPU
		{ED82FC1F-BED4-4B87-B32D-AB032027520D}.Release|Any CPU.ActiveCfg = Release|Any CPU
		{ED82FC1F-BED4-4B87-B32D-AB032027520D}.Release|Any CPU.Build.0 = Release|Any CPU
	EndGlobalSection
	GlobalSection(SolutionProperties) = preSolution
		HideSolutionNode = FALSE
	EndGlobalSection
	GlobalSection(ExtensibilityGlobals) = postSolution
		SolutionGuid = {0F22AA58-7077-434F-973A-A1AB133CAC50}
	EndGlobalSection
EndGlobal
